
Microsoft Visual Studio Solution File, Format Version 12.00
# Visual Studio Version 16
VisualStudioVersion = 16.0.30523.141
MinimumVisualStudioVersion = 10.0.40219.1
Project("{FAE04EC0-301F-11D3-BF4B-00C04F79EFBC}") = "Jennifer.BeautySalon.WebApp", "Jennifer.BeautySalon.WebApp\Jennifer.BeautySalon.WebApp.csproj", "{B798D12E-2E0C-4FA6-91E6-66A7E5D8A52C}"
EndProject
Global
	GlobalSection(SolutionConfigurationPlatforms) = preSolution
		Debug|Any CPU = Debug|Any CPU
		Release|Any CPU = Release|Any CPU
	EndGlobalSection
	GlobalSection(ProjectConfigurationPlatforms) = postSolution
		{B798D12E-2E0C-4FA6-91E6-66A7E5D8A52C}.Debug|Any CPU.ActiveCfg = Debug|Any CPU
		{B798D12E-2E0C-4FA6-91E6-66A7E5D8A52C}.Debug|Any CPU.Build.0 = Debug|Any CPU
		{B798D12E-2E0C-4FA6-91E6-66A7E5D8A52C}.Release|Any CPU.ActiveCfg = Release|Any CPU
		{B798D12E-2E0C-4FA6-91E6-66A7E5D8A52C}.Release|Any CPU.Build.0 = Release|Any CPU
	EndGlobalSection
	GlobalSection(SolutionProperties) = preSolution
		HideSolutionNode = FALSE
	EndGlobalSection
	GlobalSection(ExtensibilityGlobals) = postSolution
		SolutionGuid = {F94AED62-07E7-472F-B214-75F99257DC46}
	EndGlobalSection
EndGlobal
